// !$*UTF8*$!
{
	archiveVersion = 1;
	classes = {
	};
	objectVersion = 50;
	objects = {

/* Begin PBXBuildFile section */
		A6CC4AC2263F405E00A52AD5 /* AppDelegate.swift in Sources */ = {isa = PBXBuildFile; fileRef = A6CC4AC1263F405E00A52AD5 /* AppDelegate.swift */; };
		A6CC4AC4263F405E00A52AD5 /* SceneDelegate.swift in Sources */ = {isa = PBXBuildFile; fileRef = A6CC4AC3263F405E00A52AD5 /* SceneDelegate.swift */; };
		A6CC4AC9263F405E00A52AD5 /* Main.storyboard in Resources */ = {isa = PBXBuildFile; fileRef = A6CC4AC7263F405E00A52AD5 /* Main.storyboard */; };
		A6CC4ACB263F406200A52AD5 /* Assets.xcassets in Resources */ = {isa = PBXBuildFile; fileRef = A6CC4ACA263F406200A52AD5 /* Assets.xcassets */; };
		A6CC4ACE263F406200A52AD5 /* LaunchScreen.storyboard in Resources */ = {isa = PBXBuildFile; fileRef = A6CC4ACC263F406200A52AD5 /* LaunchScreen.storyboard */; };
		A6CC4AD8263F476100A52AD5 /* GalleryViewController.swift in Sources */ = {isa = PBXBuildFile; fileRef = A6CC4AD7263F476100A52AD5 /* GalleryViewController.swift */; };
		A6CC4ADE263F492E00A52AD5 /* ImageCell.swift in Sources */ = {isa = PBXBuildFile; fileRef = A6CC4ADC263F492E00A52AD5 /* ImageCell.swift */; };
		A6CC4ADF263F492E00A52AD5 /* ImageCell.xib in Resources */ = {isa = PBXBuildFile; fileRef = A6CC4ADD263F492E00A52AD5 /* ImageCell.xib */; };
		A6CC4AE3263F4D8700A52AD5 /* GalleryData.swift in Sources */ = {isa = PBXBuildFile; fileRef = A6CC4AE2263F4D8700A52AD5 /* GalleryData.swift */; };
		A6CC4AE7263F538700A52AD5 /* GalleryModel.swift in Sources */ = {isa = PBXBuildFile; fileRef = A6CC4AE6263F538700A52AD5 /* GalleryModel.swift */; };
		A6CC4AEC263F5DFC00A52AD5 /* NetworkDataFetcher.swift in Sources */ = {isa = PBXBuildFile; fileRef = A6CC4AEB263F5DFB00A52AD5 /* NetworkDataFetcher.swift */; };
/* End PBXBuildFile section */

/* Begin PBXFileReference section */
		A6CC4ABE263F405E00A52AD5 /* TestGallery.app */ = {isa = PBXFileReference; explicitFileType = wrapper.application; includeInIndex = 0; path = TestGallery.app; sourceTree = BUILT_PRODUCTS_DIR; };
		A6CC4AC1263F405E00A52AD5 /* AppDelegate.swift */ = {isa = PBXFileReference; lastKnownFileType = sourcecode.swift; path = AppDelegate.swift; sourceTree = "<group>"; };
		A6CC4AC3263F405E00A52AD5 /* SceneDelegate.swift */ = {isa = PBXFileReference; lastKnownFileType = sourcecode.swift; path = SceneDelegate.swift; sourceTree = "<group>"; };
		A6CC4AC8263F405E00A52AD5 /* Base */ = {isa = PBXFileReference; lastKnownFileType = file.storyboard; name = Base; path = Base.lproj/Main.storyboard; sourceTree = "<group>"; };
		A6CC4ACA263F406200A52AD5 /* Assets.xcassets */ = {isa = PBXFileReference; lastKnownFileType = folder.assetcatalog; path = Assets.xcassets; sourceTree = "<group>"; };
		A6CC4ACD263F406200A52AD5 /* Base */ = {isa = PBXFileReference; lastKnownFileType = file.storyboard; name = Base; path = Base.lproj/LaunchScreen.storyboard; sourceTree = "<group>"; };
		A6CC4ACF263F406200A52AD5 /* Info.plist */ = {isa = PBXFileReference; lastKnownFileType = text.plist.xml; path = Info.plist; sourceTree = "<group>"; };
		A6CC4AD7263F476100A52AD5 /* GalleryViewController.swift */ = {isa = PBXFileReference; lastKnownFileType = sourcecode.swift; path = GalleryViewController.swift; sourceTree = "<group>"; };
		A6CC4ADC263F492E00A52AD5 /* ImageCell.swift */ = {isa = PBXFileReference; lastKnownFileType = sourcecode.swift; path = ImageCell.swift; sourceTree = "<group>"; };
		A6CC4ADD263F492E00A52AD5 /* ImageCell.xib */ = {isa = PBXFileReference; lastKnownFileType = file.xib; path = ImageCell.xib; sourceTree = "<group>"; };
		A6CC4AE2263F4D8700A52AD5 /* GalleryData.swift */ = {isa = PBXFileReference; lastKnownFileType = sourcecode.swift; path = GalleryData.swift; sourceTree = "<group>"; };
		A6CC4AE6263F538700A52AD5 /* GalleryModel.swift */ = {isa = PBXFileReference; lastKnownFileType = sourcecode.swift; path = GalleryModel.swift; sourceTree = "<group>"; };
		A6CC4AEB263F5DFB00A52AD5 /* NetworkDataFetcher.swift */ = {isa = PBXFileReference; lastKnownFileType = sourcecode.swift; path = NetworkDataFetcher.swift; sourceTree = "<group>"; };
/* End PBXFileReference section */

/* Begin PBXFrameworksBuildPhase section */
		A6CC4ABB263F405E00A52AD5 /* Frameworks */ = {
			isa = PBXFrameworksBuildPhase;
			buildActionMask = 2147483647;
			files = (
			);
			runOnlyForDeploymentPostprocessing = 0;
		};
/* End PBXFrameworksBuildPhase section */

/* Begin PBXGroup section */
		A6CC4AB5263F405E00A52AD5 = {
			isa = PBXGroup;
			children = (
				A6CC4AC0263F405E00A52AD5 /* TestGallery */,
				A6CC4ABF263F405E00A52AD5 /* Products */,
			);
			sourceTree = "<group>";
		};
		A6CC4ABF263F405E00A52AD5 /* Products */ = {
			isa = PBXGroup;
			children = (
				A6CC4ABE263F405E00A52AD5 /* TestGallery.app */,
			);
			name = Products;
			sourceTree = "<group>";
		};
		A6CC4AC0263F405E00A52AD5 /* TestGallery */ = {
			isa = PBXGroup;
			children = (
				A6CC4AEA263F5C2100A52AD5 /* Service */,
				A6CC4AE5263F536D00A52AD5 /* Model */,
				A6CC4ADB263F488C00A52AD5 /* GalleryCells */,
				A6CC4AC1263F405E00A52AD5 /* AppDelegate.swift */,
				A6CC4AC3263F405E00A52AD5 /* SceneDelegate.swift */,
				A6CC4AC7263F405E00A52AD5 /* Main.storyboard */,
				A6CC4AD7263F476100A52AD5 /* GalleryViewController.swift */,
				A6CC4AE2263F4D8700A52AD5 /* GalleryData.swift */,
				A6CC4ACA263F406200A52AD5 /* Assets.xcassets */,
				A6CC4ACC263F406200A52AD5 /* LaunchScreen.storyboard */,
				A6CC4ACF263F406200A52AD5 /* Info.plist */,
			);
			path = TestGallery;
			sourceTree = "<group>";
		};
		A6CC4ADB263F488C00A52AD5 /* GalleryCells */ = {
			isa = PBXGroup;
			children = (
				A6CC4ADC263F492E00A52AD5 /* ImageCell.swift */,
				A6CC4ADD263F492E00A52AD5 /* ImageCell.xib */,
			);
			path = GalleryCells;
			sourceTree = "<group>";
		};
		A6CC4AE5263F536D00A52AD5 /* Model */ = {
			isa = PBXGroup;
			children = (
				A6CC4AE6263F538700A52AD5 /* GalleryModel.swift */,
			);
			path = Model;
			sourceTree = "<group>";
		};
		A6CC4AEA263F5C2100A52AD5 /* Service */ = {
			isa = PBXGroup;
			children = (
				A6CC4AEB263F5DFB00A52AD5 /* NetworkDataFetcher.swift */,
			);
			path = Service;
			sourceTree = "<group>";
		};
/* End PBXGroup section */

/* Begin PBXNativeTarget section */
		A6CC4ABD263F405E00A52AD5 /* TestGallery */ = {
			isa = PBXNativeTarget;
			buildConfigurationList = A6CC4AD2263F406200A52AD5 /* Build configuration list for PBXNativeTarget "TestGallery" */;
			buildPhases = (
				A6CC4ABA263F405E00A52AD5 /* Sources */,
				A6CC4ABB263F405E00A52AD5 /* Frameworks */,
				A6CC4ABC263F405E00A52AD5 /* Resources */,
			);
			buildRules = (
			);
			dependencies = (
			);
			name = TestGallery;
			productName = TestGallery;
			productReference = A6CC4ABE263F405E00A52AD5 /* TestGallery.app */;
			productType = "com.apple.product-type.application";
		};
/* End PBXNativeTarget section */

/* Begin PBXProject section */
		A6CC4AB6263F405E00A52AD5 /* Project object */ = {
			isa = PBXProject;
			attributes = {
				LastSwiftUpdateCheck = 1240;
				LastUpgradeCheck = 1240;
				TargetAttributes = {
					A6CC4ABD263F405E00A52AD5 = {
						CreatedOnToolsVersion = 12.4;
					};
				};
			};
			buildConfigurationList = A6CC4AB9263F405E00A52AD5 /* Build configuration list for PBXProject "TestGallery" */;
			compatibilityVersion = "Xcode 9.3";
			developmentRegion = en;
			hasScannedForEncodings = 0;
			knownRegions = (
				en,
				Base,
			);
			mainGroup = A6CC4AB5263F405E00A52AD5;
			productRefGroup = A6CC4ABF263F405E00A52AD5 /* Products */;
			projectDirPath = "";
			projectRoot = "";
			targets = (
				A6CC4ABD263F405E00A52AD5 /* TestGallery */,
			);
		};
/* End PBXProject section */

/* Begin PBXResourcesBuildPhase section */
		A6CC4ABC263F405E00A52AD5 /* Resources */ = {
			isa = PBXResourcesBuildPhase;
			buildActionMask = 2147483647;
			files = (
				A6CC4ACE263F406200A52AD5 /* LaunchScreen.storyboard in Resources */,
				A6CC4ADF263F492E00A52AD5 /* ImageCell.xib in Resources */,
				A6CC4ACB263F406200A52AD5 /* Assets.xcassets in Resources */,
				A6CC4AC9263F405E00A52AD5 /* Main.storyboard in Resources */,
			);
			runOnlyForDeploymentPostprocessing = 0;
		};
/* End PBXResourcesBuildPhase section */

/* Begin PBXSourcesBuildPhase section */
		A6CC4ABA263F405E00A52AD5 /* Sources */ = {
			isa = PBXSourcesBuildPhase;
			buildActionMask = 2147483647;
			files = (
				A6CC4AEC263F5DFC00A52AD5 /* NetworkDataFetcher.swift in Sources */,
				A6CC4AE3263F4D8700A52AD5 /* GalleryData.swift in Sources */,
				A6CC4AD8263F476100A52AD5 /* GalleryViewController.swift in Sources */,
				A6CC4ADE263F492E00A52AD5 /* ImageCell.swift in Sources */,
				A6CC4AC2263F405E00A52AD5 /* AppDelegate.swift in Sources */,
				A6CC4AE7263F538700A52AD5 /* GalleryModel.swift in Sources */,
				A6CC4AC4263F405E00A52AD5 /* SceneDelegate.swift in Sources */,
			);
			runOnlyForDeploymentPostprocessing = 0;
		};
/* End PBXSourcesBuildPhase section */

/* Begin PBXVariantGroup section */
		A6CC4AC7263F405E00A52AD5 /* Main.storyboard */ = {
			isa = PBXVariantGroup;
			children = (
				A6CC4AC8263F405E00A52AD5 /* Base */,
			);
			name = Main.storyboard;
			sourceTree = "<group>";
		};
		A6CC4ACC263F406200A52AD5 /* LaunchScreen.storyboard */ = {
			isa = PBXVariantGroup;
			children = (
				A6CC4ACD263F406200A52AD5 /* Base */,
			);
			name = LaunchScreen.storyboard;
			sourceTree = "<group>";
		};
/* End PBXVariantGroup section */

/* Begin XCBuildConfiguration section */
		A6CC4AD0263F406200A52AD5 /* Debug */ = {
			isa = XCBuildConfiguration;
			buildSettings = {
				ALWAYS_SEARCH_USER_PATHS = NO;
				CLANG_ANALYZER_NONNULL = YES;
				CLANG_ANALYZER_NUMBER_OBJECT_CONVERSION = YES_AGGRESSIVE;
				CLANG_CXX_LANGUAGE_STANDARD = "gnu++14";
				CLANG_CXX_LIBRARY = "libc++";
				CLANG_ENABLE_MODULES = YES;
				CLANG_ENABLE_OBJC_ARC = YES;
				CLANG_ENABLE_OBJC_WEAK = YES;
				CLANG_WARN_BLOCK_CAPTURE_AUTORELEASING = YES;
				CLANG_WARN_BOOL_CONVERSION = YES;
				CLANG_WARN_COMMA = YES;
				CLANG_WARN_CONSTANT_CONVERSION = YES;
				CLANG_WARN_DEPRECATED_OBJC_IMPLEMENTATIONS = YES;
				CLANG_WARN_DIRECT_OBJC_ISA_USAGE = YES_ERROR;
				CLANG_WARN_DOCUMENTATION_COMMENTS = YES;
				CLANG_WARN_EMPTY_BODY = YES;
				CLANG_WARN_ENUM_CONVERSION = YES;
				CLANG_WARN_INFINITE_RECURSION = YES;
				CLANG_WARN_INT_CONVERSION = YES;
				CLANG_WARN_NON_LITERAL_NULL_CONVERSION = YES;
				CLANG_WARN_OBJC_IMPLICIT_RETAIN_SELF = YES;
				CLANG_WARN_OBJC_LITERAL_CONVERSION = YES;
				CLANG_WARN_OBJC_ROOT_CLASS = YES_ERROR;
				CLANG_WARN_QUOTED_INCLUDE_IN_FRAMEWORK_HEADER = YES;
				CLANG_WARN_RANGE_LOOP_ANALYSIS = YES;
				CLANG_WARN_STRICT_PROTOTYPES = YES;
				CLANG_WARN_SUSPICIOUS_MOVE = YES;
				CLANG_WARN_UNGUARDED_AVAILABILITY = YES_AGGRESSIVE;
				CLANG_WARN_UNREACHABLE_CODE = YES;
				CLANG_WARN__DUPLICATE_METHOD_MATCH = YES;
				COPY_PHASE_STRIP = NO;
				DEBUG_INFORMATION_FORMAT = dwarf;
				ENABLE_STRICT_OBJC_MSGSEND = YES;
				ENABLE_TESTABILITY = YES;
				GCC_C_LANGUAGE_STANDARD = gnu11;
				GCC_DYNAMIC_NO_PIC = NO;
				GCC_NO_COMMON_BLOCKS = YES;
				GCC_OPTIMIZATION_LEVEL = 0;
				GCC_PREPROCESSOR_DEFINITIONS = (
					"DEBUG=1",
					"$(inherited)",
				);
				GCC_WARN_64_TO_32_BIT_CONVERSION = YES;
				GCC_WARN_ABOUT_RETURN_TYPE = YES_ERROR;
				GCC_WARN_UNDECLARED_SELECTOR = YES;
				GCC_WARN_UNINITIALIZED_AUTOS = YES_AGGRESSIVE;
				GCC_WARN_UNUSED_FUNCTION = YES;
				GCC_WARN_UNUSED_VARIABLE = YES;
				IPHONEOS_DEPLOYMENT_TARGET = 14.4;
				MTL_ENABLE_DEBUG_INFO = INCLUDE_SOURCE;
				MTL_FAST_MATH = YES;
				ONLY_ACTIVE_ARCH = YES;
				SDKROOT = iphoneos;
				SWIFT_ACTIVE_COMPILATION_CONDITIONS = DEBUG;
				SWIFT_OPTIMIZATION_LEVEL = "-Onone";
			};
			name = Debug;
		};
		A6CC4AD1263F406200A52AD5 /* Release */ = {
			isa = XCBuildConfiguration;
			buildSettings = {
				ALWAYS_SEARCH_USER_PATHS = NO;
				CLANG_ANALYZER_NONNULL = YES;
				CLANG_ANALYZER_NUMBER_OBJECT_CONVERSION = YES_AGGRESSIVE;
				CLANG_CXX_LANGUAGE_STANDARD = "gnu++14";
				CLANG_CXX_LIBRARY = "libc++";
				CLANG_ENABLE_MODULES = YES;
				CLANG_ENABLE_OBJC_ARC = YES;
				CLANG_ENABLE_OBJC_WEAK = YES;
				CLANG_WARN_BLOCK_CAPTURE_AUTORELEASING = YES;
				CLANG_WARN_BOOL_CONVERSION = YES;
				CLANG_WARN_COMMA = YES;
				CLANG_WARN_CONSTANT_CONVERSION = YES;
				CLANG_WARN_DEPRECATED_OBJC_IMPLEMENTATIONS = YES;
				CLANG_WARN_DIRECT_OBJC_ISA_USAGE = YES_ERROR;
				CLANG_WARN_DOCUMENTATION_COMMENTS = YES;
				CLANG_WARN_EMPTY_BODY = YES;
				CLANG_WARN_ENUM_CONVERSION = YES;
				CLANG_WARN_INFINITE_RECURSION = YES;
				CLANG_WARN_INT_CONVERSION = YES;
				CLANG_WARN_NON_LITERAL_NULL_CONVERSION = YES;
				CLANG_WARN_OBJC_IMPLICIT_RETAIN_SELF = YES;
				CLANG_WARN_OBJC_LITERAL_CONVERSION = YES;
				CLANG_WARN_OBJC_ROOT_CLASS = YES_ERROR;
				CLANG_WARN_QUOTED_INCLUDE_IN_FRAMEWORK_HEADER = YES;
				CLANG_WARN_RANGE_LOOP_ANALYSIS = YES;
				CLANG_WARN_STRICT_PROTOTYPES = YES;
				CLANG_WARN_SUSPICIOUS_MOVE = YES;
				CLANG_WARN_UNGUARDED_AVAILABILITY = YES_AGGRESSIVE;
				CLANG_WARN_UNREACHABLE_CODE = YES;
				CLANG_WARN__DUPLICATE_METHOD_MATCH = YES;
				COPY_PHASE_STRIP = NO;
				DEBUG_INFORMATION_FORMAT = "dwarf-with-dsym";
				ENABLE_NS_ASSERTIONS = NO;
				ENABLE_STRICT_OBJC_MSGSEND = YES;
				GCC_C_LANGUAGE_STANDARD = gnu11;
				GCC_NO_COMMON_BLOCKS = YES;
				GCC_WARN_64_TO_32_BIT_CONVERSION = YES;
				GCC_WARN_ABOUT_RETURN_TYPE = YES_ERROR;
				GCC_WARN_UNDECLARED_SELECTOR = YES;
				GCC_WARN_UNINITIALIZED_AUTOS = YES_AGGRESSIVE;
				GCC_WARN_UNUSED_FUNCTION = YES;
				GCC_WARN_UNUSED_VARIABLE = YES;
				IPHONEOS_DEPLOYMENT_TARGET = 14.4;
				MTL_ENABLE_DEBUG_INFO = NO;
				MTL_FAST_MATH = YES;
				SDKROOT = iphoneos;
				SWIFT_COMPILATION_MODE = wholemodule;
				SWIFT_OPTIMIZATION_LEVEL = "-O";
				VALIDATE_PRODUCT = YES;
			};
			name = Release;
		};
		A6CC4AD3263F406200A52AD5 /* Debug */ = {
			isa = XCBuildConfiguration;
			buildSettings = {
				ASSETCATALOG_COMPILER_APPICON_NAME = AppIcon;
				ASSETCATALOG_COMPILER_GLOBAL_ACCENT_COLOR_NAME = AccentColor;
				CODE_SIGN_STYLE = Automatic;
				DEVELOPMENT_TEAM = 9Y94J8V38R;
				INFOPLIST_FILE = TestGallery/Info.plist;
				LD_RUNPATH_SEARCH_PATHS = (
					"$(inherited)",
					"@executable_path/Frameworks",
				);
				PRODUCT_BUNDLE_IDENTIFIER = TestGallery;
				PRODUCT_NAME = "$(TARGET_NAME)";
				SWIFT_VERSION = 5.0;
				TARGETED_DEVICE_FAMILY = "1,2";
			};
			name = Debug;
		};
		A6CC4AD4263F406200A52AD5 /* Release */ = {
			isa = XCBuildConfiguration;
			buildSettings = {
				ASSETCATALOG_COMPILER_APPICON_NAME = AppIcon;
				ASSETCATALOG_COMPILER_GLOBAL_ACCENT_COLOR_NAME = AccentColor;
				CODE_SIGN_STYLE = Automatic;
				DEVELOPMENT_TEAM = 9Y94J8V38R;
				INFOPLIST_FILE = TestGallery/Info.plist;
				LD_RUNPATH_SEARCH_PATHS = (
					"$(inherited)",
					"@executable_path/Frameworks",
				);
				PRODUCT_BUNDLE_IDENTIFIER = TestGallery;
				PRODUCT_NAME = "$(TARGET_NAME)";
				SWIFT_VERSION = 5.0;
				TARGETED_DEVICE_FAMILY = "1,2";
			};
			name = Release;
		};
/* End XCBuildConfiguration section */

/* Begin XCConfigurationList section */
		A6CC4AB9263F405E00A52AD5 /* Build configuration list for PBXProject "TestGallery" */ = {
			isa = XCConfigurationList;
			buildConfigurations = (
				A6CC4AD0263F406200A52AD5 /* Debug */,
				A6CC4AD1263F406200A52AD5 /* Release */,
			);
			defaultConfigurationIsVisible = 0;
			defaultConfigurationName = Release;
		};
		A6CC4AD2263F406200A52AD5 /* Build configuration list for PBXNativeTarget "TestGallery" */ = {
			isa = XCConfigurationList;
			buildConfigurations = (
				A6CC4AD3263F406200A52AD5 /* Debug */,
				A6CC4AD4263F406200A52AD5 /* Release */,
			);
			defaultConfigurationIsVisible = 0;
			defaultConfigurationName = Release;
		};
/* End XCConfigurationList section */
	};
	rootObject = A6CC4AB6263F405E00A52AD5 /* Project object */;
}
